
Microsoft Visual Studio Solution File, Format Version 12.00
# Visual Studio Version 17
VisualStudioVersion = 17.4.33205.214
MinimumVisualStudioVersion = 10.0.40219.1
Project("{2150E333-8FDC-42A3-9474-1A3956D46DE8}") = "FrontEnd", "FrontEnd", "{00D66D3C-E649-469C-85F7-B391AEF76132}"
EndProject
Project("{9A19103F-16F7-4668-BE54-9A1E7A4F7556}") = "Mango.Web", "Mango.Web\Mango.Web.csproj", "{6538FDF0-C750-4CCC-94F6-7A8DE011C8EE}"
EndProject
Project("{2150E333-8FDC-42A3-9474-1A3956D46DE8}") = "Gateway", "Gateway", "{E74EEF25-79DD-4465-8824-141B74B91AA6}"
EndProject
Project("{2150E333-8FDC-42A3-9474-1A3956D46DE8}") = "Integration", "Integration", "{6BB43908-409A-460D-A2DD-4C344C7F6E93}"
EndProject
Project("{2150E333-8FDC-42A3-9474-1A3956D46DE8}") = "Payments", "Payments", "{AC77CC5F-6C0C-40EB-92C6-91EF3BD7B51E}"
EndProject
Project("{2150E333-8FDC-42A3-9474-1A3956D46DE8}") = "Servics", "Servics", "{0062DDEA-4DC6-44EB-8803-114A1DD0659B}"
EndProject
Project("{9A19103F-16F7-4668-BE54-9A1E7A4F7556}") = "Mango.Services.ProductAPI", "Mango.Services.ProductAPI\Mango.Services.ProductAPI.csproj", "{559390BF-B350-41EE-98BF-783E62CF43A5}"
EndProject
Project("{9A19103F-16F7-4668-BE54-9A1E7A4F7556}") = "Mango.Services.Identity", "Mango.Services.Identity\Mango.Services.Identity.csproj", "{3C16ECEA-7087-4D17-AD0E-12033FA8B32D}"
EndProject
Project("{9A19103F-16F7-4668-BE54-9A1E7A4F7556}") = "Mango.Services.ShoppingCartAPI", "Mango.Services.ShoppingCartAPI\Mango.Services.ShoppingCartAPI.csproj", "{9B802FE5-BF4C-41FC-B21A-E88A4F711BF4}"
EndProject
Project("{9A19103F-16F7-4668-BE54-9A1E7A4F7556}") = "Mango.Services.CouponAPI", "Mango.Services.CouponAPI\Mango.Services.CouponAPI.csproj", "{03AC74F8-F491-4DF7-A771-32699823BAD9}"
EndProject
Project("{FAE04EC0-301F-11D3-BF4B-00C04F79EFBC}") = "Mango.MessageBus", "Mango.MessageBus\Mango.MessageBus.csproj", "{BD2BB565-A2F7-49BC-8559-CD60CFB01699}"
EndProject
Global
	GlobalSection(SolutionConfigurationPlatforms) = preSolution
		Debug|Any CPU = Debug|Any CPU
		Release|Any CPU = Release|Any CPU
	EndGlobalSection
	GlobalSection(ProjectConfigurationPlatforms) = postSolution
		{6538FDF0-C750-4CCC-94F6-7A8DE011C8EE}.Debug|Any CPU.ActiveCfg = Debug|Any CPU
		{6538FDF0-C750-4CCC-94F6-7A8DE011C8EE}.Debug|Any CPU.Build.0 = Debug|Any CPU
		{6538FDF0-C750-4CCC-94F6-7A8DE011C8EE}.Release|Any CPU.ActiveCfg = Release|Any CPU
		{6538FDF0-C750-4CCC-94F6-7A8DE011C8EE}.Release|Any CPU.Build.0 = Release|Any CPU
		{559390BF-B350-41EE-98BF-783E62CF43A5}.Debug|Any CPU.ActiveCfg = Debug|Any CPU
		{559390BF-B350-41EE-98BF-783E62CF43A5}.Debug|Any CPU.Build.0 = Debug|Any CPU
		{559390BF-B350-41EE-98BF-783E62CF43A5}.Release|Any CPU.ActiveCfg = Release|Any CPU
		{559390BF-B350-41EE-98BF-783E62CF43A5}.Release|Any CPU.Build.0 = Release|Any CPU
		{3C16ECEA-7087-4D17-AD0E-12033FA8B32D}.Debug|Any CPU.ActiveCfg = Debug|Any CPU
		{3C16ECEA-7087-4D17-AD0E-12033FA8B32D}.Debug|Any CPU.Build.0 = Debug|Any CPU
		{3C16ECEA-7087-4D17-AD0E-12033FA8B32D}.Release|Any CPU.ActiveCfg = Release|Any CPU
		{3C16ECEA-7087-4D17-AD0E-12033FA8B32D}.Release|Any CPU.Build.0 = Release|Any CPU
		{9B802FE5-BF4C-41FC-B21A-E88A4F711BF4}.Debug|Any CPU.ActiveCfg = Debug|Any CPU
		{9B802FE5-BF4C-41FC-B21A-E88A4F711BF4}.Debug|Any CPU.Build.0 = Debug|Any CPU
		{9B802FE5-BF4C-41FC-B21A-E88A4F711BF4}.Release|Any CPU.ActiveCfg = Release|Any CPU
		{9B802FE5-BF4C-41FC-B21A-E88A4F711BF4}.Release|Any CPU.Build.0 = Release|Any CPU
		{03AC74F8-F491-4DF7-A771-32699823BAD9}.Debug|Any CPU.ActiveCfg = Debug|Any CPU
		{03AC74F8-F491-4DF7-A771-32699823BAD9}.Debug|Any CPU.Build.0 = Debug|Any CPU
		{03AC74F8-F491-4DF7-A771-32699823BAD9}.Release|Any CPU.ActiveCfg = Release|Any CPU
		{03AC74F8-F491-4DF7-A771-32699823BAD9}.Release|Any CPU.Build.0 = Release|Any CPU
		{BD2BB565-A2F7-49BC-8559-CD60CFB01699}.Debug|Any CPU.ActiveCfg = Debug|Any CPU
		{BD2BB565-A2F7-49BC-8559-CD60CFB01699}.Debug|Any CPU.Build.0 = Debug|Any CPU
		{BD2BB565-A2F7-49BC-8559-CD60CFB01699}.Release|Any CPU.ActiveCfg = Release|Any CPU
		{BD2BB565-A2F7-49BC-8559-CD60CFB01699}.Release|Any CPU.Build.0 = Release|Any CPU
	EndGlobalSection
	GlobalSection(SolutionProperties) = preSolution
		HideSolutionNode = FALSE
	EndGlobalSection
	GlobalSection(NestedProjects) = preSolution
		{6538FDF0-C750-4CCC-94F6-7A8DE011C8EE} = {00D66D3C-E649-469C-85F7-B391AEF76132}
		{559390BF-B350-41EE-98BF-783E62CF43A5} = {0062DDEA-4DC6-44EB-8803-114A1DD0659B}
		{3C16ECEA-7087-4D17-AD0E-12033FA8B32D} = {0062DDEA-4DC6-44EB-8803-114A1DD0659B}
		{9B802FE5-BF4C-41FC-B21A-E88A4F711BF4} = {0062DDEA-4DC6-44EB-8803-114A1DD0659B}
		{03AC74F8-F491-4DF7-A771-32699823BAD9} = {0062DDEA-4DC6-44EB-8803-114A1DD0659B}
		{BD2BB565-A2F7-49BC-8559-CD60CFB01699} = {6BB43908-409A-460D-A2DD-4C344C7F6E93}
	EndGlobalSection
	GlobalSection(ExtensibilityGlobals) = postSolution
		SolutionGuid = {506AC787-01F4-4CC5-ADF9-A1155B0A72E3}
	EndGlobalSection
EndGlobal
